
Microsoft Visual Studio Solution File, Format Version 12.00
# Visual Studio 15
VisualStudioVersion = 15.0.26430.12
MinimumVisualStudioVersion = 10.0.40219.1
Project("{FAE04EC0-301F-11D3-BF4B-00C04F79EFBC}") = "ViewDataTest_V1.Web", "ViewDataTest_V1.Web\ViewDataTest_V1.Web.csproj", "{83B4AE3F-5620-49AC-8E43-147B503C31A1}"
EndProject
Project("{FAE04EC0-301F-11D3-BF4B-00C04F79EFBC}") = "ViewDataTest_V1.ViewDatas", "ViewDataTest_V1.ViewDatas\ViewDataTest_V1.ViewDatas.csproj", "{FAB38137-3E57-49C9-AA54-1080538A1DBE}"
EndProject
Project("{FAE04EC0-301F-11D3-BF4B-00C04F79EFBC}") = "ViewDataTest_V1.Entities", "ViewDataTest_V1.Entities\ViewDataTest_V1.Entities.csproj", "{53A0C5C0-916C-45CC-8470-DE4BDB126868}"
EndProject
Project("{FAE04EC0-301F-11D3-BF4B-00C04F79EFBC}") = "ViewDataTest_V1.Services", "ViewDataTest_V1.Services\ViewDataTest_V1.Services.csproj", "{7875A3C7-BA7E-4301-A685-F33B3788826A}"
EndProject
Project("{FAE04EC0-301F-11D3-BF4B-00C04F79EFBC}") = "ViewDataTest_V1.DataBase", "ViewDataTest_V1.DataBase\ViewDataTest_V1.DataBase.csproj", "{75D6A470-73D2-4E45-A849-5D7F71717490}"
EndProject
Project("{FAE04EC0-301F-11D3-BF4B-00C04F79EFBC}") = "ViewDataTest_V1.Interfaces", "ViewDataTest_V1.Interfaces\ViewDataTest_V1.Interfaces.csproj", "{5732FD7D-D4B8-45BC-A8F7-C9D9B6F9E889}"
EndProject
Project("{FAE04EC0-301F-11D3-BF4B-00C04F79EFBC}") = "ViewDataTest_V1.Common", "ViewDataTest_V1.Common\ViewDataTest_V1.Common.csproj", "{23B78B74-6422-45D3-BDFD-2BC62BC66F74}"
EndProject
Project("{FAE04EC0-301F-11D3-BF4B-00C04F79EFBC}") = "ViewDataTest_V1.Entities.Interfaces", "ViewDataTest_V1.Entities.Interfaces\ViewDataTest_V1.Entities.Interfaces.csproj", "{26ADDC24-72BB-4FB3-9BFC-A725E2ABDF65}"
EndProject
Project("{FAE04EC0-301F-11D3-BF4B-00C04F79EFBC}") = "ViewDataTest_V1.ViewDatas.Core", "ViewDataTest_V1.ViewDatas.Core\ViewDataTest_V1.ViewDatas.Core.csproj", "{AE8DEFEF-1CBB-4955-B46D-71E8E5AC71B7}"
EndProject
Project("{FAE04EC0-301F-11D3-BF4B-00C04F79EFBC}") = "ViewDataTest_V1.ViewDatas.Interfaces", "ViewDataTest_V1.ViewDatas.Interfaces\ViewDataTest_V1.ViewDatas.Interfaces.csproj", "{D9A5E1D9-D8D1-4680-B89B-E37359E29260}"
EndProject
Project("{2150E333-8FDC-42A3-9474-1A3956D46DE8}") = "ViewDatas", "ViewDatas", "{81EDF6F0-DD7D-412E-B4A2-0F682E56A5A3}"
EndProject
Project("{2150E333-8FDC-42A3-9474-1A3956D46DE8}") = "Base", "Base", "{098A15FB-AA8B-48C0-87BA-3E9D747FAA79}"
EndProject
Project("{2150E333-8FDC-42A3-9474-1A3956D46DE8}") = "Database", "Database", "{388D573F-88AA-46D7-9584-DDCD4F78B07C}"
EndProject
Global
	GlobalSection(SolutionConfigurationPlatforms) = preSolution
		Debug|Any CPU = Debug|Any CPU
		Release|Any CPU = Release|Any CPU
	EndGlobalSection
	GlobalSection(ProjectConfigurationPlatforms) = postSolution
		{83B4AE3F-5620-49AC-8E43-147B503C31A1}.Debug|Any CPU.ActiveCfg = Debug|Any CPU
		{83B4AE3F-5620-49AC-8E43-147B503C31A1}.Debug|Any CPU.Build.0 = Debug|Any CPU
		{83B4AE3F-5620-49AC-8E43-147B503C31A1}.Release|Any CPU.ActiveCfg = Release|Any CPU
		{83B4AE3F-5620-49AC-8E43-147B503C31A1}.Release|Any CPU.Build.0 = Release|Any CPU
		{FAB38137-3E57-49C9-AA54-1080538A1DBE}.Debug|Any CPU.ActiveCfg = Debug|Any CPU
		{FAB38137-3E57-49C9-AA54-1080538A1DBE}.Debug|Any CPU.Build.0 = Debug|Any CPU
		{FAB38137-3E57-49C9-AA54-1080538A1DBE}.Release|Any CPU.ActiveCfg = Release|Any CPU
		{FAB38137-3E57-49C9-AA54-1080538A1DBE}.Release|Any CPU.Build.0 = Release|Any CPU
		{53A0C5C0-916C-45CC-8470-DE4BDB126868}.Debug|Any CPU.ActiveCfg = Debug|Any CPU
		{53A0C5C0-916C-45CC-8470-DE4BDB126868}.Debug|Any CPU.Build.0 = Debug|Any CPU
		{53A0C5C0-916C-45CC-8470-DE4BDB126868}.Release|Any CPU.ActiveCfg = Release|Any CPU
		{53A0C5C0-916C-45CC-8470-DE4BDB126868}.Release|Any CPU.Build.0 = Release|Any CPU
		{7875A3C7-BA7E-4301-A685-F33B3788826A}.Debug|Any CPU.ActiveCfg = Debug|Any CPU
		{7875A3C7-BA7E-4301-A685-F33B3788826A}.Debug|Any CPU.Build.0 = Debug|Any CPU
		{7875A3C7-BA7E-4301-A685-F33B3788826A}.Release|Any CPU.ActiveCfg = Release|Any CPU
		{7875A3C7-BA7E-4301-A685-F33B3788826A}.Release|Any CPU.Build.0 = Release|Any CPU
		{75D6A470-73D2-4E45-A849-5D7F71717490}.Debug|Any CPU.ActiveCfg = Debug|Any CPU
		{75D6A470-73D2-4E45-A849-5D7F71717490}.Debug|Any CPU.Build.0 = Debug|Any CPU
		{75D6A470-73D2-4E45-A849-5D7F71717490}.Release|Any CPU.ActiveCfg = Release|Any CPU
		{75D6A470-73D2-4E45-A849-5D7F71717490}.Release|Any CPU.Build.0 = Release|Any CPU
		{5732FD7D-D4B8-45BC-A8F7-C9D9B6F9E889}.Debug|Any CPU.ActiveCfg = Debug|Any CPU
		{5732FD7D-D4B8-45BC-A8F7-C9D9B6F9E889}.Debug|Any CPU.Build.0 = Debug|Any CPU
		{5732FD7D-D4B8-45BC-A8F7-C9D9B6F9E889}.Release|Any CPU.ActiveCfg = Release|Any CPU
		{5732FD7D-D4B8-45BC-A8F7-C9D9B6F9E889}.Release|Any CPU.Build.0 = Release|Any CPU
		{23B78B74-6422-45D3-BDFD-2BC62BC66F74}.Debug|Any CPU.ActiveCfg = Debug|Any CPU
		{23B78B74-6422-45D3-BDFD-2BC62BC66F74}.Debug|Any CPU.Build.0 = Debug|Any CPU
		{23B78B74-6422-45D3-BDFD-2BC62BC66F74}.Release|Any CPU.ActiveCfg = Release|Any CPU
		{23B78B74-6422-45D3-BDFD-2BC62BC66F74}.Release|Any CPU.Build.0 = Release|Any CPU
		{26ADDC24-72BB-4FB3-9BFC-A725E2ABDF65}.Debug|Any CPU.ActiveCfg = Debug|Any CPU
		{26ADDC24-72BB-4FB3-9BFC-A725E2ABDF65}.Debug|Any CPU.Build.0 = Debug|Any CPU
		{26ADDC24-72BB-4FB3-9BFC-A725E2ABDF65}.Release|Any CPU.ActiveCfg = Release|Any CPU
		{26ADDC24-72BB-4FB3-9BFC-A725E2ABDF65}.Release|Any CPU.Build.0 = Release|Any CPU
		{AE8DEFEF-1CBB-4955-B46D-71E8E5AC71B7}.Debug|Any CPU.ActiveCfg = Debug|Any CPU
		{AE8DEFEF-1CBB-4955-B46D-71E8E5AC71B7}.Debug|Any CPU.Build.0 = Debug|Any CPU
		{AE8DEFEF-1CBB-4955-B46D-71E8E5AC71B7}.Release|Any CPU.ActiveCfg = Release|Any CPU
		{AE8DEFEF-1CBB-4955-B46D-71E8E5AC71B7}.Release|Any CPU.Build.0 = Release|Any CPU
		{D9A5E1D9-D8D1-4680-B89B-E37359E29260}.Debug|Any CPU.ActiveCfg = Debug|Any CPU
		{D9A5E1D9-D8D1-4680-B89B-E37359E29260}.Debug|Any CPU.Build.0 = Debug|Any CPU
		{D9A5E1D9-D8D1-4680-B89B-E37359E29260}.Release|Any CPU.ActiveCfg = Release|Any CPU
		{D9A5E1D9-D8D1-4680-B89B-E37359E29260}.Release|Any CPU.Build.0 = Release|Any CPU
	EndGlobalSection
	GlobalSection(SolutionProperties) = preSolution
		HideSolutionNode = FALSE
	EndGlobalSection
	GlobalSection(NestedProjects) = preSolution
		{FAB38137-3E57-49C9-AA54-1080538A1DBE} = {81EDF6F0-DD7D-412E-B4A2-0F682E56A5A3}
		{53A0C5C0-916C-45CC-8470-DE4BDB126868} = {388D573F-88AA-46D7-9584-DDCD4F78B07C}
		{75D6A470-73D2-4E45-A849-5D7F71717490} = {388D573F-88AA-46D7-9584-DDCD4F78B07C}
		{5732FD7D-D4B8-45BC-A8F7-C9D9B6F9E889} = {098A15FB-AA8B-48C0-87BA-3E9D747FAA79}
		{23B78B74-6422-45D3-BDFD-2BC62BC66F74} = {098A15FB-AA8B-48C0-87BA-3E9D747FAA79}
		{26ADDC24-72BB-4FB3-9BFC-A725E2ABDF65} = {388D573F-88AA-46D7-9584-DDCD4F78B07C}
		{AE8DEFEF-1CBB-4955-B46D-71E8E5AC71B7} = {81EDF6F0-DD7D-412E-B4A2-0F682E56A5A3}
		{D9A5E1D9-D8D1-4680-B89B-E37359E29260} = {81EDF6F0-DD7D-412E-B4A2-0F682E56A5A3}
	EndGlobalSection
EndGlobal
